{
  "version": 4,
  "terraform_version": "1.5.7",
  "serial": 36,
  "lineage": "e4533b98-3ba6-20d3-9d9d-79d7efc7f011",
  "outputs": {
    "private-ips": {
      "value": {
        "master": "172.31.38.214",
        "node1": "172.31.36.216",
        "node2": "172.31.18.144"
      },
      "type": [
        "object",
        {
          "master": "string",
          "node1": "string",
          "node2": "string"
        }
      ]
    },
    "public-ips": {
      "value": {
        "master": "3.90.173.160",
        "node1": "18.209.161.69",
        "node2": "18.208.247.13"
      },
      "type": [
        "object",
        {
          "master": "string",
          "node1": "string",
          "node2": "string"
        }
      ]
    },
    "ssh_commands": {
      "value": {
        "master": "ssh -i ansible-key.pem ec2-user@ec2-3-90-173-160.compute-1.amazonaws.com",
        "node1": "ssh -i ansible-key.pem ec2-user@ec2-18-209-161-69.compute-1.amazonaws.com",
        "node2": "ssh -i ansible-key.pem ubuntu@ec2-18-208-247-13.compute-1.amazonaws.com"
      },
      "type": [
        "object",
        {
          "master": "string",
          "node1": "string",
          "node2": "string"
        }
      ]
    }
  },
  "resources": [
    {
      "mode": "data",
      "type": "aws_ami",
      "name": "amazon-2",
      "provider": "provider[\"registry.terraform.io/hashicorp/aws\"]",
      "instances": [
        {
          "schema_version": 0,
          "attributes": {
            "architecture": "x86_64",
            "arn": "arn:aws:ec2:us-east-1::image/ami-0587a19e199d10a2e",
            "block_device_mappings": [
              {
                "device_name": "/dev/xvda",
                "ebs": {
                  "delete_on_termination": "true",
                  "encrypted": "false",
                  "iops": "0",
                  "snapshot_id": "snap-0dea776915432b40a",
                  "throughput": "0",
                  "volume_size": "8",
                  "volume_type": "standard"
                },
                "no_device": "",
                "virtual_name": ""
              }
            ],
            "boot_mode": "",
            "creation_date": "2024-01-24T01:45:23.000Z",
            "deprecation_time": "2025-07-01T00:00:00.000Z",
            "description": "Amazon Linux 2 AMI 2.0.20240124.0 x86_64 HVM ebs",
            "ena_support": true,
            "executable_users": null,
            "filter": [
              {
                "name": "name",
                "values": [
                  "amzn2-ami-hvm-*-x86_64-ebs"
                ]
              }
            ],
            "hypervisor": "xen",
            "id": "ami-0587a19e199d10a2e",
            "image_id": "ami-0587a19e199d10a2e",
            "image_location": "amazon/amzn2-ami-hvm-2.0.20240124.0-x86_64-ebs",
            "image_owner_alias": "amazon",
            "image_type": "machine",
            "imds_support": "",
            "include_deprecated": false,
            "kernel_id": "",
            "most_recent": true,
            "name": "amzn2-ami-hvm-2.0.20240124.0-x86_64-ebs",
            "name_regex": null,
            "owner_id": "137112412989",
            "owners": [
              "amazon"
            ],
            "platform": "",
            "platform_details": "Linux/UNIX",
            "product_codes": [],
            "public": true,
            "ramdisk_id": "",
            "root_device_name": "/dev/xvda",
            "root_device_type": "ebs",
            "root_snapshot_id": "snap-0dea776915432b40a",
            "sriov_net_support": "simple",
            "state": "available",
            "state_reason": {
              "code": "UNSET",
              "message": "UNSET"
            },
            "tags": {},
            "timeouts": null,
            "tpm_support": "",
            "usage_operation": "RunInstances",
            "virtualization_type": "hvm"
          },
          "sensitive_attributes": []
        }
      ]
    },
    {
      "mode": "data",
      "type": "aws_ami",
      "name": "debian",
      "provider": "provider[\"registry.terraform.io/hashicorp/aws\"]",
      "instances": [
        {
          "schema_version": 0,
          "attributes": {
            "architecture": "x86_64",
            "arn": "arn:aws:ec2:us-east-1::image/ami-0ec54fe2ec640bbc6",
            "block_device_mappings": [
              {
                "device_name": "xvda",
                "ebs": {
                  "delete_on_termination": "true",
                  "encrypted": "false",
                  "iops": "0",
                  "snapshot_id": "snap-0b984651ab7025842",
                  "throughput": "0",
                  "volume_size": "8",
                  "volume_type": "gp2"
                },
                "no_device": "",
                "virtual_name": ""
              }
            ],
            "boot_mode": "",
            "creation_date": "2022-07-01T18:31:03.000Z",
            "deprecation_time": "2024-07-01T18:31:03.000Z",
            "description": "FAI Debian Image",
            "ena_support": true,
            "executable_users": null,
            "filter": [
              {
                "name": "name",
                "values": [
                  "debian-*-hvm-*"
                ]
              }
            ],
            "hypervisor": "xen",
            "id": "ami-0ec54fe2ec640bbc6",
            "image_id": "ami-0ec54fe2ec640bbc6",
            "image_location": "379101102735/debian-stretch-hvm-x86_64-gp2-2022-07-01-66430",
            "image_owner_alias": "",
            "image_type": "machine",
            "imds_support": "",
            "include_deprecated": false,
            "kernel_id": "",
            "most_recent": true,
            "name": "debian-stretch-hvm-x86_64-gp2-2022-07-01-66430",
            "name_regex": null,
            "owner_id": "379101102735",
            "owners": [
              "379101102735"
            ],
            "platform": "",
            "platform_details": "Linux/UNIX",
            "product_codes": [],
            "public": true,
            "ramdisk_id": "",
            "root_device_name": "xvda",
            "root_device_type": "ebs",
            "root_snapshot_id": "snap-0b984651ab7025842",
            "sriov_net_support": "simple",
            "state": "available",
            "state_reason": {
              "code": "UNSET",
              "message": "UNSET"
            },
            "tags": {},
            "timeouts": null,
            "tpm_support": "",
            "usage_operation": "RunInstances",
            "virtualization_type": "hvm"
          },
          "sensitive_attributes": []
        }
      ]
    },
    {
      "mode": "data",
      "type": "aws_ami",
      "name": "ubuntu",
      "provider": "provider[\"registry.terraform.io/hashicorp/aws\"]",
      "instances": [
        {
          "schema_version": 0,
          "attributes": {
            "architecture": "arm64",
            "arn": "arn:aws:ec2:us-east-1::image/ami-0fea31578248bcd6c",
            "block_device_mappings": [
              {
                "device_name": "/dev/sda1",
                "ebs": {
                  "delete_on_termination": "true",
                  "encrypted": "false",
                  "iops": "0",
                  "snapshot_id": "snap-02e5331aba30324aa",
                  "throughput": "0",
                  "volume_size": "8",
                  "volume_type": "gp2"
                },
                "no_device": "",
                "virtual_name": ""
              },
              {
                "device_name": "/dev/sdb",
                "ebs": {},
                "no_device": "",
                "virtual_name": "ephemeral0"
              },
              {
                "device_name": "/dev/sdc",
                "ebs": {},
                "no_device": "",
                "virtual_name": "ephemeral1"
              }
            ],
            "boot_mode": "",
            "creation_date": "2023-05-31T17:00:39.000Z",
            "deprecation_time": "2025-05-31T17:00:39.000Z",
            "description": "Canonical, Ubuntu, 18.04 LTS, arm64 bionic image build on 2023-05-31",
            "ena_support": true,
            "executable_users": null,
            "filter": [
              {
                "name": "name",
                "values": [
                  "ubuntu/images/hvm-ssd/ubuntu-*-18.04*"
                ]
              }
            ],
            "hypervisor": "xen",
            "id": "ami-0fea31578248bcd6c",
            "image_id": "ami-0fea31578248bcd6c",
            "image_location": "amazon/ubuntu/images/hvm-ssd/ubuntu-bionic-18.04-arm64-server-20230531",
            "image_owner_alias": "amazon",
            "image_type": "machine",
            "imds_support": "",
            "include_deprecated": false,
            "kernel_id": "",
            "most_recent": true,
            "name": "ubuntu/images/hvm-ssd/ubuntu-bionic-18.04-arm64-server-20230531",
            "name_regex": null,
            "owner_id": "099720109477",
            "owners": [
              "099720109477"
            ],
            "platform": "",
            "platform_details": "Linux/UNIX",
            "product_codes": [],
            "public": true,
            "ramdisk_id": "",
            "root_device_name": "/dev/sda1",
            "root_device_type": "ebs",
            "root_snapshot_id": "snap-02e5331aba30324aa",
            "sriov_net_support": "simple",
            "state": "available",
            "state_reason": {
              "code": "UNSET",
              "message": "UNSET"
            },
            "tags": {},
            "timeouts": null,
            "tpm_support": "",
            "usage_operation": "RunInstances",
            "virtualization_type": "hvm"
          },
          "sensitive_attributes": []
        }
      ]
    },
    {
      "mode": "managed",
      "type": "aws_default_vpc",
      "name": "default_vpc",
      "provider": "provider[\"registry.terraform.io/hashicorp/aws\"]",
      "instances": [
        {
          "schema_version": 1,
          "attributes": {
            "arn": "arn:aws:ec2:us-east-1:693685356193:vpc/vpc-02bd6736583fa046b",
            "assign_generated_ipv6_cidr_block": false,
            "cidr_block": "172.31.0.0/16",
            "default_network_acl_id": "acl-0f672d3cbf84e82ee",
            "default_route_table_id": "rtb-0b57e112b9d52872a",
            "default_security_group_id": "sg-0533d069dfd173aa4",
            "dhcp_options_id": "dopt-029b3c52eb5eda281",
            "enable_dns_hostnames": true,
            "enable_dns_support": true,
            "enable_network_address_usage_metrics": false,
            "existing_default_vpc": true,
            "force_destroy": false,
            "id": "vpc-02bd6736583fa046b",
            "instance_tenancy": "default",
            "ipv6_association_id": "",
            "ipv6_cidr_block": "",
            "ipv6_cidr_block_network_border_group": "",
            "ipv6_ipam_pool_id": "",
            "ipv6_netmask_length": 0,
            "main_route_table_id": "rtb-0b57e112b9d52872a",
            "owner_id": "693685356193",
            "tags": null,
            "tags_all": {}
          },
          "sensitive_attributes": [],
          "private": "eyJzY2hlbWFfdmVyc2lvbiI6IjEifQ=="
        }
      ]
    },
    {
      "mode": "managed",
      "type": "aws_key_pair",
      "name": "ec2_key",
      "provider": "provider[\"registry.terraform.io/hashicorp/aws\"]",
      "instances": [
        {
          "schema_version": 1,
          "attributes": {
            "arn": "arn:aws:ec2:us-east-1:693685356193:key-pair/ansible-key",
            "fingerprint": "e0:35:c7:83:cd:d8:5d:27:9c:ac:74:4a:59:f6:d9:6c",
            "id": "ansible-key",
            "key_name": "ansible-key",
            "key_name_prefix": "",
            "key_pair_id": "key-0354e800e8a933c41",
            "key_type": "rsa",
            "public_key": "ssh-rsa AAAAB3NzaC1yc2EAAAADAQABAAABAQClq2z6nbUGzdOsW93uR+oLNZRV7cIzQ3QrMr1y8Ya9OEb789kWniVG9P6bRcw33eST2ETGteFsG9WakhbRxezDYkRXLoFj8G6LOEk7N4U+SxChZ4C2itjMjQCWLJfsAe1TnoCeF5OV3Zp6dfg/8AnOBSWeYXmTjDIUud4qvBaczsfQcnYMJHdR5tMngI5uhfUzh224VPwDY7PfogC8ucMXOz6jZSdgvOrrAjwv1T4KQN6djRGu3m6MUGAsPONjNY0jISAyIZuF68viyMg1LHTd3kYfLdRB/P1AOF4f0N0wT2noiUrQZmpGkeQ5rGM8n2itX/fhV2eiHFobvELIZwNb",
            "tags": null,
            "tags_all": {}
          },
          "sensitive_attributes": [],
          "private": "eyJzY2hlbWFfdmVyc2lvbiI6IjEifQ==",
          "dependencies": [
            "tls_private_key.ec2_key"
          ]
        }
      ]
    },
    {
      "mode": "managed",
      "type": "aws_security_group",
      "name": "web-sg",
      "provider": "provider[\"registry.terraform.io/hashicorp/aws\"]",
      "instances": [
        {
          "schema_version": 1,
          "attributes": {
            "arn": "arn:aws:ec2:us-east-1:693685356193:security-group/sg-0467a354f6c0e5903",
            "description": "Allow ssh inbound traffic",
            "egress": [
              {
                "cidr_blocks": [
                  "0.0.0.0/0"
                ],
                "description": "",
                "from_port": 0,
                "ipv6_cidr_blocks": [],
                "prefix_list_ids": [],
                "protocol": "-1",
                "security_groups": [],
                "self": false,
                "to_port": 0
              }
            ],
            "id": "sg-0467a354f6c0e5903",
            "ingress": [
              {
                "cidr_blocks": [
                  "0.0.0.0/0"
                ],
                "description": "http port",
                "from_port": 80,
                "ipv6_cidr_blocks": [],
                "prefix_list_ids": [],
                "protocol": "tcp",
                "security_groups": [],
                "self": false,
                "to_port": 80
              },
              {
                "cidr_blocks": [
                  "0.0.0.0/0"
                ],
                "description": "ssh from VPC",
                "from_port": 22,
                "ipv6_cidr_blocks": [],
                "prefix_list_ids": [],
                "protocol": "tcp",
                "security_groups": [],
                "self": false,
                "to_port": 22
              }
            ],
            "name": "ansible-Web-SG",
            "name_prefix": "",
            "owner_id": "693685356193",
            "revoke_rules_on_delete": false,
            "tags": {
              "Name": "Ansible-sg"
            },
            "tags_all": {
              "Name": "Ansible-sg"
            },
            "timeouts": null,
            "vpc_id": "vpc-02bd6736583fa046b"
          },
          "sensitive_attributes": [],
          "private": "eyJlMmJmYjczMC1lY2FhLTExZTYtOGY4OC0zNDM2M2JjN2M0YzAiOnsiY3JlYXRlIjo2MDAwMDAwMDAwMDAsImRlbGV0ZSI6OTAwMDAwMDAwMDAwfSwic2NoZW1hX3ZlcnNpb24iOiIxIn0=",
          "dependencies": [
            "aws_default_vpc.default_vpc"
          ]
        }
      ]
    },
    {
      "mode": "managed",
      "type": "local_file",
      "name": "ssh_key",
      "provider": "provider[\"registry.terraform.io/hashicorp/local\"]",
      "instances": [
        {
          "schema_version": 0,
          "attributes": {
            "content": "-----BEGIN RSA PRIVATE KEY-----\nMIIEpQIBAAKCAQEApats+p21Bs3TrFvd7kfqCzWUVe3CM0N0KzK9cvGGvThG+/PZ\nFp4lRvT+m0XMN93kk9hExrXhbBvVmpIW0cXsw2JEVy6BY/BuizhJOzeFPksQoWeA\ntorYzI0AliyX7AHtU56AnheTld2aenX4P/AJzgUlnmF5k4wyFLneKrwWnM7H0HJ2\nDCR3UebTJ4COboX1M4dtuFT8A2Oz36IAvLnDFzs+o2UnYLzq6wI8L9U+CkDenY0R\nrt5ujFBgLDzjYzWNIyEgMiGbhevL4sjINSx03d5GHy3UQfz9QDheH9DdME9p6IlK\n0GZqRpHkOaxjPJ9orV/34VdnohxaG7xCyGcDWwIDAQABAoIBAQCNg2IirYYNmtG9\n//cR7DH6gzkDMYXaXjskD0KOpctPZHwWCdSdIld7RhkaL0PjUNJIi8sr5f75ZslO\nMI33gFbfCtiPk/UIlj8HAvxi7ekOLfa1uIDU7MOF7sfaf5sCCR9ddx4sbL0vncyv\n4Ic+rl7hsbnRkTfVlkLNO3uQC3xRUlxdGZpParwaevbqV9re5zCZHSFIwQK8n/Me\nC7ZCCbOSWbF3fwC/X4UdkEpv4eBHIRMO8UBhaihz4/Y8bs/NXd6ojgCza8Hiad/J\n29UkHrXvy2+mNoXR3pNoFprcTxKD7cObF4SZxbn3cgNO+CDt+IgcXYfZ/372qWAh\nOLScHDMJAoGBAMSdJO2v+ze2NULhcGFrH/S47MscNO6RHK80Ta3ndc48mAEFj92K\n8dhACppQFHmHlYEJ5c7rQUbhD/9ZroT6aZCSIjmT3qEAgYHBrX16W/+L20nnx9dE\nrVQkjt8wdhoqzbUorCHiVJ50dKqAhrxehQWYny44mF8vYBGl4lsdeMx9AoGBANe1\nkaUzopqVAfITGS8CGXUAa3oP0NBy9vzZd4sTyZSqbsMS0lHG1EkFm0M/x5JMkJqF\nUyYD69aYKEqv/R7nUHvnVcp3Cqpf048Dan3Ji2bFekrQVhsrW/lvGcNCoPnkh5Wf\nMaf/fuLEZl8VpbbKTfXyhqVXu/p6HV5NgSmXtg63AoGAHF2LiVsdREFeV8LMgtGA\nr77KMtdj75Mx7zj9h/xfq5xkValmwxCbqZY7sV2iRpJACHjUFdEs/rvTogRfQEIc\nXsYmd+YUdWfsRzsY+4Rep3SW84ej9jOrSftoPVzxfP715I/0nYLYsG+esUaPqbd9\nO3x0Yqe5m+nq00D6cijDV8UCgYEAqXH2o/gIvjdY3OjFupiCmNcolizAUk5M2FiX\nwEdd7QtokJJDZnuynF3sFgqO4cyFNuyOYWlpJBxIYksWoeUA4yPYz39tgGJgFJKR\nX5gniiaMJyK60QLhb/InIaxAOaycGRuBbT+VU9sFs6GUmB8Y2J+Xx2BAyMSON1rY\noGyNVccCgYEAsnHHbyChlTPa2C4xtF4eTxkfpsyh+dvZEfmgSyruiDSQL5P+hPnC\ntB/SmxiNZXZEUZ1fM50HYKZurabbje/boMyNbTliNPz4LGWWQvcSkL6u6WgR2SEG\noiuzrE3M8RoVZQMQyHLdM3Sx4GbKG4kTMqzPXjTGndKQpDi8o705n9A=\n-----END RSA PRIVATE KEY-----\n",
            "content_base64": null,
            "content_base64sha256": "DINcp3bIlBqPsYX4nJg9KEORr9VvuokpEINRilOdqc8=",
            "content_base64sha512": "07kkdkj+qGP/Jq+8+2QPsyKUrEu0a8RT9lwoA8gpaqj/e9AwpJeoo8A+UjpLCHb2ORndbKJ5u47knpJr8Q7Yng==",
            "content_md5": "880f1606556575f2df9dedd376923979",
            "content_sha1": "eeb9f52953db760a91618cf374b275088c798a3f",
            "content_sha256": "0c835ca776c8941a8fb185f89c983d284391afd56fba89291083518a539da9cf",
            "content_sha512": "d3b9247648fea863ff26afbcfb640fb32294ac4bb46bc453f65c2803c8296aa8ff7bd030a497a8a3c03e523a4b0876f63919dd6ca279bb8ee49e926bf10ed89e",
            "directory_permission": "0777",
            "file_permission": "0777",
            "filename": "ansible-key.pem",
            "id": "eeb9f52953db760a91618cf374b275088c798a3f",
            "sensitive_content": null,
            "source": null
          },
          "sensitive_attributes": [
            [
              {
                "type": "get_attr",
                "value": "content"
              }
            ]
          ],
          "dependencies": [
            "tls_private_key.ec2_key"
          ]
        }
      ]
    },
    {
      "mode": "managed",
      "type": "null_resource",
      "name": "copy_ssh_key",
      "provider": "provider[\"registry.terraform.io/hashicorp/null\"]",
      "instances": [
        {
          "schema_version": 0,
          "attributes": {
            "id": "3304466054448803555",
            "triggers": null
          },
          "sensitive_attributes": [],
          "dependencies": [
            "aws_default_vpc.default_vpc",
            "aws_key_pair.ec2_key",
            "aws_security_group.web-sg",
            "data.aws_ami.amazon-2",
            "data.aws_ami.debian",
            "data.aws_ami.ubuntu",
            "module.ec2_instance.aws_iam_instance_profile.this",
            "module.ec2_instance.aws_iam_role.this",
            "module.ec2_instance.aws_iam_role_policy_attachment.this",
            "module.ec2_instance.aws_instance.ignore_ami",
            "module.ec2_instance.aws_instance.this",
            "module.ec2_instance.aws_spot_instance_request.this",
            "module.ec2_instance.data.aws_iam_policy_document.assume_role_policy",
            "module.ec2_instance.data.aws_partition.current",
            "module.ec2_instance.data.aws_ssm_parameter.this",
            "tls_private_key.ec2_key"
          ]
        }
      ]
    },
    {
      "mode": "managed",
      "type": "tls_private_key",
      "name": "ec2_key",
      "provider": "provider[\"registry.terraform.io/hashicorp/tls\"]",
      "instances": [
        {
          "schema_version": 1,
          "attributes": {
            "algorithm": "RSA",
            "ecdsa_curve": "P224",
            "id": "ea81566db433b1de56ebfcc22e8f704f766a3340",
            "private_key_openssh": "-----BEGIN OPENSSH PRIVATE KEY-----\nb3BlbnNzaC1rZXktdjEAAAAABG5vbmUAAAAEbm9uZQAAAAAAAAABAAABFwAAAAdz\nc2gtcnNhAAAAAwEAAQAAAQEApats+p21Bs3TrFvd7kfqCzWUVe3CM0N0KzK9cvGG\nvThG+/PZFp4lRvT+m0XMN93kk9hExrXhbBvVmpIW0cXsw2JEVy6BY/BuizhJOzeF\nPksQoWeAtorYzI0AliyX7AHtU56AnheTld2aenX4P/AJzgUlnmF5k4wyFLneKrwW\nnM7H0HJ2DCR3UebTJ4COboX1M4dtuFT8A2Oz36IAvLnDFzs+o2UnYLzq6wI8L9U+\nCkDenY0Rrt5ujFBgLDzjYzWNIyEgMiGbhevL4sjINSx03d5GHy3UQfz9QDheH9Dd\nME9p6IlK0GZqRpHkOaxjPJ9orV/34VdnohxaG7xCyGcDWwAAA7hNhjbFTYY2xQAA\nAAdzc2gtcnNhAAABAQClq2z6nbUGzdOsW93uR+oLNZRV7cIzQ3QrMr1y8Ya9OEb7\n89kWniVG9P6bRcw33eST2ETGteFsG9WakhbRxezDYkRXLoFj8G6LOEk7N4U+SxCh\nZ4C2itjMjQCWLJfsAe1TnoCeF5OV3Zp6dfg/8AnOBSWeYXmTjDIUud4qvBaczsfQ\ncnYMJHdR5tMngI5uhfUzh224VPwDY7PfogC8ucMXOz6jZSdgvOrrAjwv1T4KQN6d\njRGu3m6MUGAsPONjNY0jISAyIZuF68viyMg1LHTd3kYfLdRB/P1AOF4f0N0wT2no\niUrQZmpGkeQ5rGM8n2itX/fhV2eiHFobvELIZwNbAAAAAwEAAQAAAQEAjYNiIq2G\nDZrRvf/3Eewx+oM5AzGF2l47JA9CjqXLT2R8FgnUnSJXe0YZGi9D41DSSIvLK+X+\n+WbJTjCN94BW3wrYj5P1CJY/BwL8Yu3pDi32tbiA1OzDhe7H2n+bAgkfXXceLGy9\nL53Mr+CHPq5e4bG50ZE31ZZCzTt7kAt8UVJcXRmaT2q8Gnr26lfa3ucwmR0hSMEC\nvJ/zHgu2Qgmzklmxd38Av1+FHZBKb+HgRyETDvFAYWooc+P2PG7PzV3eqI4As2vB\n4mnfydvVJB6178tvpjaF0d6TaBaa3E8Sg+3DmxeEmcW593IDTvgg7fiIHF2H2f9+\n9qlgITi0nBwzCQAAAIEAsnHHbyChlTPa2C4xtF4eTxkfpsyh+dvZEfmgSyruiDSQ\nL5P+hPnCtB/SmxiNZXZEUZ1fM50HYKZurabbje/boMyNbTliNPz4LGWWQvcSkL6u\n6WgR2SEGoiuzrE3M8RoVZQMQyHLdM3Sx4GbKG4kTMqzPXjTGndKQpDi8o705n9AA\nAACBAMSdJO2v+ze2NULhcGFrH/S47MscNO6RHK80Ta3ndc48mAEFj92K8dhACppQ\nFHmHlYEJ5c7rQUbhD/9ZroT6aZCSIjmT3qEAgYHBrX16W/+L20nnx9dErVQkjt8w\ndhoqzbUorCHiVJ50dKqAhrxehQWYny44mF8vYBGl4lsdeMx9AAAAgQDXtZGlM6Ka\nlQHyExkvAhl1AGt6D9DQcvb82XeLE8mUqm7DEtJRxtRJBZtDP8eSTJCahVMmA+vW\nmChKr/0e51B751XKdwqqX9OPA2p9yYtmxXpK0FYbK1v5bxnDQqD55IeVnzGn/37i\nxGZfFaW2yk318oalV7v6eh1eTYEpl7YOtwAAAAAB\n-----END OPENSSH PRIVATE KEY-----\n",
            "private_key_pem": "-----BEGIN RSA PRIVATE KEY-----\nMIIEpQIBAAKCAQEApats+p21Bs3TrFvd7kfqCzWUVe3CM0N0KzK9cvGGvThG+/PZ\nFp4lRvT+m0XMN93kk9hExrXhbBvVmpIW0cXsw2JEVy6BY/BuizhJOzeFPksQoWeA\ntorYzI0AliyX7AHtU56AnheTld2aenX4P/AJzgUlnmF5k4wyFLneKrwWnM7H0HJ2\nDCR3UebTJ4COboX1M4dtuFT8A2Oz36IAvLnDFzs+o2UnYLzq6wI8L9U+CkDenY0R\nrt5ujFBgLDzjYzWNIyEgMiGbhevL4sjINSx03d5GHy3UQfz9QDheH9DdME9p6IlK\n0GZqRpHkOaxjPJ9orV/34VdnohxaG7xCyGcDWwIDAQABAoIBAQCNg2IirYYNmtG9\n//cR7DH6gzkDMYXaXjskD0KOpctPZHwWCdSdIld7RhkaL0PjUNJIi8sr5f75ZslO\nMI33gFbfCtiPk/UIlj8HAvxi7ekOLfa1uIDU7MOF7sfaf5sCCR9ddx4sbL0vncyv\n4Ic+rl7hsbnRkTfVlkLNO3uQC3xRUlxdGZpParwaevbqV9re5zCZHSFIwQK8n/Me\nC7ZCCbOSWbF3fwC/X4UdkEpv4eBHIRMO8UBhaihz4/Y8bs/NXd6ojgCza8Hiad/J\n29UkHrXvy2+mNoXR3pNoFprcTxKD7cObF4SZxbn3cgNO+CDt+IgcXYfZ/372qWAh\nOLScHDMJAoGBAMSdJO2v+ze2NULhcGFrH/S47MscNO6RHK80Ta3ndc48mAEFj92K\n8dhACppQFHmHlYEJ5c7rQUbhD/9ZroT6aZCSIjmT3qEAgYHBrX16W/+L20nnx9dE\nrVQkjt8wdhoqzbUorCHiVJ50dKqAhrxehQWYny44mF8vYBGl4lsdeMx9AoGBANe1\nkaUzopqVAfITGS8CGXUAa3oP0NBy9vzZd4sTyZSqbsMS0lHG1EkFm0M/x5JMkJqF\nUyYD69aYKEqv/R7nUHvnVcp3Cqpf048Dan3Ji2bFekrQVhsrW/lvGcNCoPnkh5Wf\nMaf/fuLEZl8VpbbKTfXyhqVXu/p6HV5NgSmXtg63AoGAHF2LiVsdREFeV8LMgtGA\nr77KMtdj75Mx7zj9h/xfq5xkValmwxCbqZY7sV2iRpJACHjUFdEs/rvTogRfQEIc\nXsYmd+YUdWfsRzsY+4Rep3SW84ej9jOrSftoPVzxfP715I/0nYLYsG+esUaPqbd9\nO3x0Yqe5m+nq00D6cijDV8UCgYEAqXH2o/gIvjdY3OjFupiCmNcolizAUk5M2FiX\nwEdd7QtokJJDZnuynF3sFgqO4cyFNuyOYWlpJBxIYksWoeUA4yPYz39tgGJgFJKR\nX5gniiaMJyK60QLhb/InIaxAOaycGRuBbT+VU9sFs6GUmB8Y2J+Xx2BAyMSON1rY\noGyNVccCgYEAsnHHbyChlTPa2C4xtF4eTxkfpsyh+dvZEfmgSyruiDSQL5P+hPnC\ntB/SmxiNZXZEUZ1fM50HYKZurabbje/boMyNbTliNPz4LGWWQvcSkL6u6WgR2SEG\noiuzrE3M8RoVZQMQyHLdM3Sx4GbKG4kTMqzPXjTGndKQpDi8o705n9A=\n-----END RSA PRIVATE KEY-----\n",
            "private_key_pem_pkcs8": "-----BEGIN PRIVATE KEY-----\nMIIEvwIBADANBgkqhkiG9w0BAQEFAASCBKkwggSlAgEAAoIBAQClq2z6nbUGzdOs\nW93uR+oLNZRV7cIzQ3QrMr1y8Ya9OEb789kWniVG9P6bRcw33eST2ETGteFsG9Wa\nkhbRxezDYkRXLoFj8G6LOEk7N4U+SxChZ4C2itjMjQCWLJfsAe1TnoCeF5OV3Zp6\ndfg/8AnOBSWeYXmTjDIUud4qvBaczsfQcnYMJHdR5tMngI5uhfUzh224VPwDY7Pf\nogC8ucMXOz6jZSdgvOrrAjwv1T4KQN6djRGu3m6MUGAsPONjNY0jISAyIZuF68vi\nyMg1LHTd3kYfLdRB/P1AOF4f0N0wT2noiUrQZmpGkeQ5rGM8n2itX/fhV2eiHFob\nvELIZwNbAgMBAAECggEBAI2DYiKthg2a0b3/9xHsMfqDOQMxhdpeOyQPQo6ly09k\nfBYJ1J0iV3tGGRovQ+NQ0kiLyyvl/vlmyU4wjfeAVt8K2I+T9QiWPwcC/GLt6Q4t\n9rW4gNTsw4Xux9p/mwIJH113HixsvS+dzK/ghz6uXuGxudGRN9WWQs07e5ALfFFS\nXF0Zmk9qvBp69upX2t7nMJkdIUjBAryf8x4LtkIJs5JZsXd/AL9fhR2QSm/h4Ech\nEw7xQGFqKHPj9jxuz81d3qiOALNrweJp38nb1SQete/Lb6Y2hdHek2gWmtxPEoPt\nw5sXhJnFufdyA074IO34iBxdh9n/fvapYCE4tJwcMwkCgYEAxJ0k7a/7N7Y1QuFw\nYWsf9Ljsyxw07pEcrzRNred1zjyYAQWP3Yrx2EAKmlAUeYeVgQnlzutBRuEP/1mu\nhPppkJIiOZPeoQCBgcGtfXpb/4vbSefH10StVCSO3zB2GirNtSisIeJUnnR0qoCG\nvF6FBZifLjiYXy9gEaXiWx14zH0CgYEA17WRpTOimpUB8hMZLwIZdQBreg/Q0HL2\n/Nl3ixPJlKpuwxLSUcbUSQWbQz/HkkyQmoVTJgPr1pgoSq/9HudQe+dVyncKql/T\njwNqfcmLZsV6StBWGytb+W8Zw0Kg+eSHlZ8xp/9+4sRmXxWltspN9fKGpVe7+nod\nXk2BKZe2DrcCgYAcXYuJWx1EQV5XwsyC0YCvvsoy12PvkzHvOP2H/F+rnGRVqWbD\nEJupljuxXaJGkkAIeNQV0Sz+u9OiBF9AQhxexiZ35hR1Z+xHOxj7hF6ndJbzh6P2\nM6tJ+2g9XPF8/vXkj/Sdgtiwb56xRo+pt307fHRip7mb6erTQPpyKMNXxQKBgQCp\ncfaj+Ai+N1jc6MW6mIKY1yiWLMBSTkzYWJfAR13tC2iQkkNme7KcXewWCo7hzIU2\n7I5haWkkHEhiSxah5QDjI9jPf22AYmAUkpFfmCeKJownIrrRAuFv8ichrEA5rJwZ\nG4FtP5VT2wWzoZSYHxjYn5fHYEDIxI43WtigbI1VxwKBgQCyccdvIKGVM9rYLjG0\nXh5PGR+mzKH529kR+aBLKu6INJAvk/6E+cK0H9KbGI1ldkRRnV8znQdgpm6tptuN\n79ugzI1tOWI0/PgsZZZC9xKQvq7paBHZIQaiK7OsTczxGhVlAxDIct0zdLHgZsob\niRMyrM9eNMad0pCkOLyjvTmf0A==\n-----END PRIVATE KEY-----\n",
            "public_key_fingerprint_md5": "c6:12:25:fe:1a:c6:c0:25:a2:72:a5:05:4d:46:b9:ee",
            "public_key_fingerprint_sha256": "SHA256:qupWknNwAdrecdkQfztA0surUqLYD27aDTFHDM4aVRA",
            "public_key_openssh": "ssh-rsa AAAAB3NzaC1yc2EAAAADAQABAAABAQClq2z6nbUGzdOsW93uR+oLNZRV7cIzQ3QrMr1y8Ya9OEb789kWniVG9P6bRcw33eST2ETGteFsG9WakhbRxezDYkRXLoFj8G6LOEk7N4U+SxChZ4C2itjMjQCWLJfsAe1TnoCeF5OV3Zp6dfg/8AnOBSWeYXmTjDIUud4qvBaczsfQcnYMJHdR5tMngI5uhfUzh224VPwDY7PfogC8ucMXOz6jZSdgvOrrAjwv1T4KQN6djRGu3m6MUGAsPONjNY0jISAyIZuF68viyMg1LHTd3kYfLdRB/P1AOF4f0N0wT2noiUrQZmpGkeQ5rGM8n2itX/fhV2eiHFobvELIZwNb\n",
            "public_key_pem": "-----BEGIN PUBLIC KEY-----\nMIIBIjANBgkqhkiG9w0BAQEFAAOCAQ8AMIIBCgKCAQEApats+p21Bs3TrFvd7kfq\nCzWUVe3CM0N0KzK9cvGGvThG+/PZFp4lRvT+m0XMN93kk9hExrXhbBvVmpIW0cXs\nw2JEVy6BY/BuizhJOzeFPksQoWeAtorYzI0AliyX7AHtU56AnheTld2aenX4P/AJ\nzgUlnmF5k4wyFLneKrwWnM7H0HJ2DCR3UebTJ4COboX1M4dtuFT8A2Oz36IAvLnD\nFzs+o2UnYLzq6wI8L9U+CkDenY0Rrt5ujFBgLDzjYzWNIyEgMiGbhevL4sjINSx0\n3d5GHy3UQfz9QDheH9DdME9p6IlK0GZqRpHkOaxjPJ9orV/34VdnohxaG7xCyGcD\nWwIDAQAB\n-----END PUBLIC KEY-----\n",
            "rsa_bits": 2048
          },
          "sensitive_attributes": []
        }
      ]
    },
    {
      "module": "module.ec2_instance[\"master\"]",
      "mode": "data",
      "type": "aws_partition",
      "name": "current",
      "provider": "provider[\"registry.terraform.io/hashicorp/aws\"]",
      "instances": [
        {
          "schema_version": 0,
          "attributes": {
            "dns_suffix": "amazonaws.com",
            "id": "aws",
            "partition": "aws",
            "reverse_dns_prefix": "com.amazonaws"
          },
          "sensitive_attributes": []
        }
      ]
    },
    {
      "module": "module.ec2_instance[\"master\"]",
      "mode": "managed",
      "type": "aws_instance",
      "name": "this",
      "provider": "provider[\"registry.terraform.io/hashicorp/aws\"]",
      "instances": [
        {
          "index_key": 0,
          "schema_version": 1,
          "attributes": {
            "ami": "ami-0587a19e199d10a2e",
            "arn": "arn:aws:ec2:us-east-1:693685356193:instance/i-02ab6f942ab0a5382",
            "associate_public_ip_address": true,
            "availability_zone": "us-east-1a",
            "capacity_reservation_specification": [
              {
                "capacity_reservation_preference": "open",
                "capacity_reservation_target": []
              }
            ],
            "cpu_core_count": 1,
            "cpu_options": [
              {
                "amd_sev_snp": "",
                "core_count": 1,
                "threads_per_core": 2
              }
            ],
            "cpu_threads_per_core": 2,
            "credit_specification": [
              {
                "cpu_credits": "unlimited"
              }
            ],
            "disable_api_stop": false,
            "disable_api_termination": false,
            "ebs_block_device": [],
            "ebs_optimized": false,
            "enclave_options": [
              {
                "enabled": false
              }
            ],
            "ephemeral_block_device": [],
            "get_password_data": false,
            "hibernation": false,
            "host_id": "",
            "host_resource_group_arn": null,
            "iam_instance_profile": "",
            "id": "i-02ab6f942ab0a5382",
            "instance_initiated_shutdown_behavior": "stop",
            "instance_lifecycle": "",
            "instance_market_options": [],
            "instance_state": "running",
            "instance_type": "t3.micro",
            "ipv6_address_count": 0,
            "ipv6_addresses": [],
            "key_name": "ansible-key",
            "launch_template": [],
            "maintenance_options": [
              {
                "auto_recovery": "default"
              }
            ],
            "metadata_options": [
              {
                "http_endpoint": "enabled",
                "http_protocol_ipv6": "disabled",
                "http_put_response_hop_limit": 1,
                "http_tokens": "optional",
                "instance_metadata_tags": "disabled"
              }
            ],
            "monitoring": false,
            "network_interface": [],
            "outpost_arn": "",
            "password_data": "",
            "placement_group": "",
            "placement_partition_number": 0,
            "primary_network_interface_id": "eni-02579679f325b3c0a",
            "private_dns": "ip-172-31-38-214.ec2.internal",
            "private_dns_name_options": [
              {
                "enable_resource_name_dns_a_record": false,
                "enable_resource_name_dns_aaaa_record": false,
                "hostname_type": "ip-name"
              }
            ],
            "private_ip": "172.31.38.214",
            "public_dns": "ec2-3-90-173-160.compute-1.amazonaws.com",
            "public_ip": "3.90.173.160",
            "root_block_device": [
              {
                "delete_on_termination": true,
                "device_name": "/dev/xvda",
                "encrypted": false,
                "iops": 0,
                "kms_key_id": "",
                "tags": {},
                "throughput": 0,
                "volume_id": "vol-0161d3334524e65b1",
                "volume_size": 8,
                "volume_type": "standard"
              }
            ],
            "secondary_private_ips": [],
            "security_groups": [
              "ansible-Web-SG"
            ],
            "source_dest_check": true,
            "spot_instance_request_id": "",
            "subnet_id": "subnet-0efe3b9728ddaf6f9",
            "tags": {
              "Environment": "master",
              "Name": "master-instance",
              "Terraform": "true"
            },
            "tags_all": {
              "Environment": "master",
              "Name": "master-instance",
              "Terraform": "true"
            },
            "tenancy": "default",
            "timeouts": {
              "create": null,
              "delete": null,
              "update": null
            },
            "user_data": "64a605a643244078b96f48190adf456f908d79cf",
            "user_data_base64": null,
            "user_data_replace_on_change": false,
            "volume_tags": {
              "Name": "master-instance"
            },
            "vpc_security_group_ids": [
              "sg-0467a354f6c0e5903"
            ]
          },
          "sensitive_attributes": [],
          "private": "eyJlMmJmYjczMC1lY2FhLTExZTYtOGY4OC0zNDM2M2JjN2M0YzAiOnsiY3JlYXRlIjo2MDAwMDAwMDAwMDAsImRlbGV0ZSI6MTIwMDAwMDAwMDAwMCwidXBkYXRlIjo2MDAwMDAwMDAwMDB9LCJzY2hlbWFfdmVyc2lvbiI6IjEifQ==",
          "dependencies": [
            "aws_default_vpc.default_vpc",
            "aws_key_pair.ec2_key",
            "aws_security_group.web-sg",
            "data.aws_ami.amazon-2",
            "data.aws_ami.debian",
            "data.aws_ami.ubuntu",
            "module.ec2_instance.aws_iam_instance_profile.this",
            "module.ec2_instance.data.aws_ssm_parameter.this",
            "tls_private_key.ec2_key"
          ]
        }
      ]
    },
    {
      "module": "module.ec2_instance[\"node1\"]",
      "mode": "data",
      "type": "aws_partition",
      "name": "current",
      "provider": "provider[\"registry.terraform.io/hashicorp/aws\"]",
      "instances": [
        {
          "schema_version": 0,
          "attributes": {
            "dns_suffix": "amazonaws.com",
            "id": "aws",
            "partition": "aws",
            "reverse_dns_prefix": "com.amazonaws"
          },
          "sensitive_attributes": []
        }
      ]
    },
    {
      "module": "module.ec2_instance[\"node1\"]",
      "mode": "managed",
      "type": "aws_instance",
      "name": "this",
      "provider": "provider[\"registry.terraform.io/hashicorp/aws\"]",
      "instances": [
        {
          "index_key": 0,
          "schema_version": 1,
          "attributes": {
            "ami": "ami-0587a19e199d10a2e",
            "arn": "arn:aws:ec2:us-east-1:693685356193:instance/i-09ae5be8d0eec4ef9",
            "associate_public_ip_address": true,
            "availability_zone": "us-east-1a",
            "capacity_reservation_specification": [
              {
                "capacity_reservation_preference": "open",
                "capacity_reservation_target": []
              }
            ],
            "cpu_core_count": 1,
            "cpu_options": [
              {
                "amd_sev_snp": "",
                "core_count": 1,
                "threads_per_core": 2
              }
            ],
            "cpu_threads_per_core": 2,
            "credit_specification": [
              {
                "cpu_credits": "unlimited"
              }
            ],
            "disable_api_stop": false,
            "disable_api_termination": false,
            "ebs_block_device": [],
            "ebs_optimized": false,
            "enclave_options": [
              {
                "enabled": false
              }
            ],
            "ephemeral_block_device": [],
            "get_password_data": false,
            "hibernation": false,
            "host_id": "",
            "host_resource_group_arn": null,
            "iam_instance_profile": "",
            "id": "i-09ae5be8d0eec4ef9",
            "instance_initiated_shutdown_behavior": "stop",
            "instance_lifecycle": "",
            "instance_market_options": [],
            "instance_state": "running",
            "instance_type": "t3.micro",
            "ipv6_address_count": 0,
            "ipv6_addresses": [],
            "key_name": "ansible-key",
            "launch_template": [],
            "maintenance_options": [
              {
                "auto_recovery": "default"
              }
            ],
            "metadata_options": [
              {
                "http_endpoint": "enabled",
                "http_protocol_ipv6": "disabled",
                "http_put_response_hop_limit": 1,
                "http_tokens": "optional",
                "instance_metadata_tags": "disabled"
              }
            ],
            "monitoring": false,
            "network_interface": [],
            "outpost_arn": "",
            "password_data": "",
            "placement_group": "",
            "placement_partition_number": 0,
            "primary_network_interface_id": "eni-0418bf903644bdde9",
            "private_dns": "ip-172-31-36-216.ec2.internal",
            "private_dns_name_options": [
              {
                "enable_resource_name_dns_a_record": false,
                "enable_resource_name_dns_aaaa_record": false,
                "hostname_type": "ip-name"
              }
            ],
            "private_ip": "172.31.36.216",
            "public_dns": "ec2-18-209-161-69.compute-1.amazonaws.com",
            "public_ip": "18.209.161.69",
            "root_block_device": [
              {
                "delete_on_termination": true,
                "device_name": "/dev/xvda",
                "encrypted": false,
                "iops": 0,
                "kms_key_id": "",
                "tags": {},
                "throughput": 0,
                "volume_id": "vol-05526c8f92f863d85",
                "volume_size": 8,
                "volume_type": "standard"
              }
            ],
            "secondary_private_ips": [],
            "security_groups": [
              "ansible-Web-SG"
            ],
            "source_dest_check": true,
            "spot_instance_request_id": "",
            "subnet_id": "subnet-0efe3b9728ddaf6f9",
            "tags": {
              "Environment": "node1",
              "Name": "node1-instance",
              "Terraform": "true"
            },
            "tags_all": {
              "Environment": "node1",
              "Name": "node1-instance",
              "Terraform": "true"
            },
            "tenancy": "default",
            "timeouts": {
              "create": null,
              "delete": null,
              "update": null
            },
            "user_data": "",
            "user_data_base64": null,
            "user_data_replace_on_change": false,
            "volume_tags": {
              "Name": "node1-instance"
            },
            "vpc_security_group_ids": [
              "sg-0467a354f6c0e5903"
            ]
          },
          "sensitive_attributes": [],
          "private": "eyJlMmJmYjczMC1lY2FhLTExZTYtOGY4OC0zNDM2M2JjN2M0YzAiOnsiY3JlYXRlIjo2MDAwMDAwMDAwMDAsImRlbGV0ZSI6MTIwMDAwMDAwMDAwMCwidXBkYXRlIjo2MDAwMDAwMDAwMDB9LCJzY2hlbWFfdmVyc2lvbiI6IjEifQ==",
          "dependencies": [
            "aws_default_vpc.default_vpc",
            "aws_key_pair.ec2_key",
            "aws_security_group.web-sg",
            "data.aws_ami.amazon-2",
            "data.aws_ami.debian",
            "data.aws_ami.ubuntu",
            "module.ec2_instance.aws_iam_instance_profile.this",
            "module.ec2_instance.data.aws_ssm_parameter.this",
            "tls_private_key.ec2_key"
          ]
        }
      ]
    },
    {
      "module": "module.ec2_instance[\"node2\"]",
      "mode": "data",
      "type": "aws_partition",
      "name": "current",
      "provider": "provider[\"registry.terraform.io/hashicorp/aws\"]",
      "instances": [
        {
          "schema_version": 0,
          "attributes": {
            "dns_suffix": "amazonaws.com",
            "id": "aws",
            "partition": "aws",
            "reverse_dns_prefix": "com.amazonaws"
          },
          "sensitive_attributes": []
        }
      ]
    },
    {
      "module": "module.ec2_instance[\"node2\"]",
      "mode": "managed",
      "type": "aws_instance",
      "name": "this",
      "provider": "provider[\"registry.terraform.io/hashicorp/aws\"]",
      "instances": [
        {
          "index_key": 0,
          "schema_version": 1,
          "attributes": {
            "ami": "ami-0fea31578248bcd6c",
            "arn": "arn:aws:ec2:us-east-1:693685356193:instance/i-01acc497ff0de2581",
            "associate_public_ip_address": true,
            "availability_zone": "us-east-1d",
            "capacity_reservation_specification": [
              {
                "capacity_reservation_preference": "open",
                "capacity_reservation_target": []
              }
            ],
            "cpu_core_count": 2,
            "cpu_options": [
              {
                "amd_sev_snp": "",
                "core_count": 2,
                "threads_per_core": 1
              }
            ],
            "cpu_threads_per_core": 1,
            "credit_specification": [
              {
                "cpu_credits": "unlimited"
              }
            ],
            "disable_api_stop": false,
            "disable_api_termination": false,
            "ebs_block_device": [],
            "ebs_optimized": false,
            "enclave_options": [
              {
                "enabled": false
              }
            ],
            "ephemeral_block_device": [],
            "get_password_data": false,
            "hibernation": false,
            "host_id": "",
            "host_resource_group_arn": null,
            "iam_instance_profile": "",
            "id": "i-01acc497ff0de2581",
            "instance_initiated_shutdown_behavior": "stop",
            "instance_lifecycle": "",
            "instance_market_options": [],
            "instance_state": "running",
            "instance_type": "t4g.micro",
            "ipv6_address_count": 0,
            "ipv6_addresses": [],
            "key_name": "ansible-key",
            "launch_template": [],
            "maintenance_options": [
              {
                "auto_recovery": "default"
              }
            ],
            "metadata_options": [
              {
                "http_endpoint": "enabled",
                "http_protocol_ipv6": "disabled",
                "http_put_response_hop_limit": 1,
                "http_tokens": "optional",
                "instance_metadata_tags": "disabled"
              }
            ],
            "monitoring": false,
            "network_interface": [],
            "outpost_arn": "",
            "password_data": "",
            "placement_group": "",
            "placement_partition_number": 0,
            "primary_network_interface_id": "eni-035877fe60f1db5d4",
            "private_dns": "ip-172-31-18-144.ec2.internal",
            "private_dns_name_options": [
              {
                "enable_resource_name_dns_a_record": false,
                "enable_resource_name_dns_aaaa_record": false,
                "hostname_type": "ip-name"
              }
            ],
            "private_ip": "172.31.18.144",
            "public_dns": "ec2-18-208-247-13.compute-1.amazonaws.com",
            "public_ip": "18.208.247.13",
            "root_block_device": [
              {
                "delete_on_termination": true,
                "device_name": "/dev/sda1",
                "encrypted": false,
                "iops": 100,
                "kms_key_id": "",
                "tags": {},
                "throughput": 0,
                "volume_id": "vol-0683f69e63f467dce",
                "volume_size": 8,
                "volume_type": "gp2"
              }
            ],
            "secondary_private_ips": [],
            "security_groups": [
              "ansible-Web-SG"
            ],
            "source_dest_check": true,
            "spot_instance_request_id": "",
            "subnet_id": "subnet-05c92c08a065f60fe",
            "tags": {
              "Environment": "node2",
              "Name": "node2-instance",
              "Terraform": "true"
            },
            "tags_all": {
              "Environment": "node2",
              "Name": "node2-instance",
              "Terraform": "true"
            },
            "tenancy": "default",
            "timeouts": {
              "create": null,
              "delete": null,
              "update": null
            },
            "user_data": "",
            "user_data_base64": null,
            "user_data_replace_on_change": false,
            "volume_tags": {
              "Name": "node2-instance"
            },
            "vpc_security_group_ids": [
              "sg-0467a354f6c0e5903"
            ]
          },
          "sensitive_attributes": [],
          "private": "eyJlMmJmYjczMC1lY2FhLTExZTYtOGY4OC0zNDM2M2JjN2M0YzAiOnsiY3JlYXRlIjo2MDAwMDAwMDAwMDAsImRlbGV0ZSI6MTIwMDAwMDAwMDAwMCwidXBkYXRlIjo2MDAwMDAwMDAwMDB9LCJzY2hlbWFfdmVyc2lvbiI6IjEifQ==",
          "dependencies": [
            "aws_default_vpc.default_vpc",
            "aws_key_pair.ec2_key",
            "aws_security_group.web-sg",
            "data.aws_ami.amazon-2",
            "data.aws_ami.debian",
            "data.aws_ami.ubuntu",
            "module.ec2_instance.aws_iam_instance_profile.this",
            "module.ec2_instance.data.aws_ssm_parameter.this",
            "tls_private_key.ec2_key"
          ]
        }
      ]
    }
  ],
  "check_results": null
}
